<Solution>
  <Project Path="WeShareClone/WeShareClone.csproj" />
  <Project Path="WeShareClone.Domain/WeShareClone.Domain.csproj" />
  <Project Path="WeShareClone.DataAccess/WeShareClone.DataAccess.csproj" />
  <Project Path="WeShareClone.Dto/WeShareClone.Dto.csproj" />
  <Project Path="WeShareClone.Web/WeShareClone.Web.csproj" />
</Solution>
